{
  "requires": true,
  "lockfileVersion": 1,
  "dependencies": {
    "primeng": {
      "version": "8.0.1",
      "resolved": "https://registry.npmjs.org/primeng/-/primeng-8.0.1.tgz",
      "integrity": "sha512-87HQEh+S4lm4r280Thlk3pHzJJ1lr4Dl82zidnfWeOBZ5lMbK2w9w9yKJH875aPKWs0MMDVZeQ5V9jMWolRjlA=="
    }
  }
}
